
Microsoft Visual Studio Solution File, Format Version 12.00
# Visual Studio Version 17
VisualStudioVersion = 17.3.32825.248
MinimumVisualStudioVersion = 10.0.40219.1
Project("{FAE04EC0-301F-11D3-BF4B-00C04F79EFBC}") = "OlympTRD", "OlympTRD\OlympTRD.csproj", "{1A304945-B84C-41A5-99E3-CA734FA245F4}"
EndProject
Global
	GlobalSection(SolutionConfigurationPlatforms) = preSolution
		Debug|Any CPU = Debug|Any CPU
		Release|Any CPU = Release|Any CPU
	EndGlobalSection
	GlobalSection(ProjectConfigurationPlatforms) = postSolution
		{1A304945-B84C-41A5-99E3-CA734FA245F4}.Debug|Any CPU.ActiveCfg = Debug|Any CPU
		{1A304945-B84C-41A5-99E3-CA734FA245F4}.Debug|Any CPU.Build.0 = Debug|Any CPU
		{1A304945-B84C-41A5-99E3-CA734FA245F4}.Release|Any CPU.ActiveCfg = Release|Any CPU
		{1A304945-B84C-41A5-99E3-CA734FA245F4}.Release|Any CPU.Build.0 = Release|Any CPU
	EndGlobalSection
	GlobalSection(SolutionProperties) = preSolution
		HideSolutionNode = FALSE
	EndGlobalSection
	GlobalSection(ExtensibilityGlobals) = postSolution
		SolutionGuid = {55581FAC-0DD8-4163-B0D8-5E999F4A9F86}
	EndGlobalSection
EndGlobal
